github.com/aws/aws-sdk-go-v2 v1.47.1 h1:uOIZnp4PK3ZhKI0dNrJrhTEsLxbpXHTAJlwoS1pvAtw=
github.com/aws/aws-sdk-go-v2 v1.47.1/go.mod h1:bttEH6JqnUL8LepvDVfdrds/fZ5bCIxzpe3abyUrhDU=
github.com/aws/smithy-go v1.28.2 h1:myhcykQcatTul2B/zITjDk203G7t0awUAs1hVry5Bvg=
github.com/aws/smithy-go v1.28.2/go.mod h1:YE2RhdIuDbA5E5bTdciG9KrW3+TiEONeUWCqxX9i1Fc=
github.com/skarm/ycauth v0.5.0 h1:Msbsfh1XkgmfZ9PRBW2lbRBhbz3q1wrV4Hu8C+nWoDs=
github.com/skarm/ycauth v0.5.0/go.mod h1:8du5O6G3q4hyVilwxJrA4jW41i9sdMxPISb2nsKo/Ho=
